
Microsoft Visual Studio Solution File, Format Version 12.00
# Visual Studio 14
VisualStudioVersion = 14.0.25420.1
MinimumVisualStudioVersion = 10.0.40219.1
Project("{FAE04EC0-301F-11D3-BF4B-00C04F79EFBC}") = "CRUD_DEMO", "CRUD_DEMO\CRUD_DEMO\CRUD_DEMO.csproj", "{D831A20D-0E35-4F62-807E-DC9862ACA425}"
EndProject
Project("{FAE04EC0-301F-11D3-BF4B-00C04F79EFBC}") = "CRUD_DEMO.Droid", "CRUD_DEMO\CRUD_DEMO.Droid\CRUD_DEMO.Droid.csproj", "{1A5D3CEC-B87C-4281-A371-74B8681BA8FE}"
EndProject
Project("{FAE04EC0-301F-11D3-BF4B-00C04F79EFBC}") = "CRUD_DEMO.iOS", "CRUD_DEMO\CRUD_DEMO.iOS\CRUD_DEMO.iOS.csproj", "{5350BAE5-552B-416D-B8ED-D1E1CCD3ABE5}"
EndProject
Project("{FAE04EC0-301F-11D3-BF4B-00C04F79EFBC}") = "CRUD_DEMO.UWP", "CRUD_DEMO\CRUD_DEMO.UWP\CRUD_DEMO.UWP.csproj", "{AF899C4E-8AF5-46E0-988D-1A369B3D044B}"
EndProject
Global
	GlobalSection(SolutionConfigurationPlatforms) = preSolution
		Ad-Hoc|Any CPU = Ad-Hoc|Any CPU
		Ad-Hoc|ARM = Ad-Hoc|ARM
		Ad-Hoc|iPhone = Ad-Hoc|iPhone
		Ad-Hoc|iPhoneSimulator = Ad-Hoc|iPhoneSimulator
		Ad-Hoc|x64 = Ad-Hoc|x64
		Ad-Hoc|x86 = Ad-Hoc|x86
		AppStore|Any CPU = AppStore|Any CPU
		AppStore|ARM = AppStore|ARM
		AppStore|iPhone = AppStore|iPhone
		AppStore|iPhoneSimulator = AppStore|iPhoneSimulator
		AppStore|x64 = AppStore|x64
		AppStore|x86 = AppStore|x86
		Debug|Any CPU = Debug|Any CPU
		Debug|ARM = Debug|ARM
		Debug|iPhone = Debug|iPhone
		Debug|iPhoneSimulator = Debug|iPhoneSimulator
		Debug|x64 = Debug|x64
		Debug|x86 = Debug|x86
		Release|Any CPU = Release|Any CPU
		Release|ARM = Release|ARM
		Release|iPhone = Release|iPhone
		Release|iPhoneSimulator = Release|iPhoneSimulator
		Release|x64 = Release|x64
		Release|x86 = Release|x86
	EndGlobalSection
	GlobalSection(ProjectConfigurationPlatforms) = postSolution
		{D831A20D-0E35-4F62-807E-DC9862ACA425}.Ad-Hoc|Any CPU.ActiveCfg = Release|Any CPU
		{D831A20D-0E35-4F62-807E-DC9862ACA425}.Ad-Hoc|Any CPU.Build.0 = Release|Any CPU
		{D831A20D-0E35-4F62-807E-DC9862ACA425}.Ad-Hoc|ARM.ActiveCfg = Release|Any CPU
		{D831A20D-0E35-4F62-807E-DC9862ACA425}.Ad-Hoc|ARM.Build.0 = Release|Any CPU
		{D831A20D-0E35-4F62-807E-DC9862ACA425}.Ad-Hoc|iPhone.ActiveCfg = Release|Any CPU
		{D831A20D-0E35-4F62-807E-DC9862ACA425}.Ad-Hoc|iPhone.Build.0 = Release|Any CPU
		{D831A20D-0E35-4F62-807E-DC9862ACA425}.Ad-Hoc|iPhoneSimulator.ActiveCfg = Release|Any CPU
		{D831A20D-0E35-4F62-807E-DC9862ACA425}.Ad-Hoc|iPhoneSimulator.Build.0 = Release|Any CPU
		{D831A20D-0E35-4F62-807E-DC9862ACA425}.Ad-Hoc|x64.ActiveCfg = Release|Any CPU
		{D831A20D-0E35-4F62-807E-DC9862ACA425}.Ad-Hoc|x64.Build.0 = Release|Any CPU
		{D831A20D-0E35-4F62-807E-DC9862ACA425}.Ad-Hoc|x86.ActiveCfg = Release|Any CPU
		{D831A20D-0E35-4F62-807E-DC9862ACA425}.Ad-Hoc|x86.Build.0 = Release|Any CPU
		{D831A20D-0E35-4F62-807E-DC9862ACA425}.AppStore|Any CPU.ActiveCfg = Release|Any CPU
		{D831A20D-0E35-4F62-807E-DC9862ACA425}.AppStore|Any CPU.Build.0 = Release|Any CPU
		{D831A20D-0E35-4F62-807E-DC9862ACA425}.AppStore|ARM.ActiveCfg = Release|Any CPU
		{D831A20D-0E35-4F62-807E-DC9862ACA425}.AppStore|ARM.Build.0 = Release|Any CPU
		{D831A20D-0E35-4F62-807E-DC9862ACA425}.AppStore|iPhone.ActiveCfg = Release|Any CPU
		{D831A20D-0E35-4F62-807E-DC9862ACA425}.AppStore|iPhone.Build.0 = Release|Any CPU
		{D831A20D-0E35-4F62-807E-DC9862ACA425}.AppStore|iPhoneSimulator.ActiveCfg = Release|Any CPU
		{D831A20D-0E35-4F62-807E-DC9862ACA425}.AppStore|iPhoneSimulator.Build.0 = Release|Any CPU
		{D831A20D-0E35-4F62-807E-DC9862ACA425}.AppStore|x64.ActiveCfg = Release|Any CPU
		{D831A20D-0E35-4F62-807E-DC9862ACA425}.AppStore|x64.Build.0 = Release|Any CPU
		{D831A20D-0E35-4F62-807E-DC9862ACA425}.AppStore|x86.ActiveCfg = Release|Any CPU
		{D831A20D-0E35-4F62-807E-DC9862ACA425}.AppStore|x86.Build.0 = Release|Any CPU
		{D831A20D-0E35-4F62-807E-DC9862ACA425}.Debug|Any CPU.ActiveCfg = Debug|Any CPU
		{D831A20D-0E35-4F62-807E-DC9862ACA425}.Debug|Any CPU.Build.0 = Debug|Any CPU
		{D831A20D-0E35-4F62-807E-DC9862ACA425}.Debug|ARM.ActiveCfg = Debug|Any CPU
		{D831A20D-0E35-4F62-807E-DC9862ACA425}.Debug|ARM.Build.0 = Debug|Any CPU
		{D831A20D-0E35-4F62-807E-DC9862ACA425}.Debug|iPhone.ActiveCfg = Debug|Any CPU
		{D831A20D-0E35-4F62-807E-DC9862ACA425}.Debug|iPhone.Build.0 = Debug|Any CPU
		{D831A20D-0E35-4F62-807E-DC9862ACA425}.Debug|iPhoneSimulator.ActiveCfg = Debug|Any CPU
		{D831A20D-0E35-4F62-807E-DC9862ACA425}.Debug|iPhoneSimulator.Build.0 = Debug|Any CPU
		{D831A20D-0E35-4F62-807E-DC9862ACA425}.Debug|x64.ActiveCfg = Debug|Any CPU
		{D831A20D-0E35-4F62-807E-DC9862ACA425}.Debug|x64.Build.0 = Debug|Any CPU
		{D831A20D-0E35-4F62-807E-DC9862ACA425}.Debug|x86.ActiveCfg = Debug|Any CPU
		{D831A20D-0E35-4F62-807E-DC9862ACA425}.Debug|x86.Build.0 = Debug|Any CPU
		{D831A20D-0E35-4F62-807E-DC9862ACA425}.Release|Any CPU.ActiveCfg = Release|Any CPU
		{D831A20D-0E35-4F62-807E-DC9862ACA425}.Release|Any CPU.Build.0 = Release|Any CPU
		{D831A20D-0E35-4F62-807E-DC9862ACA425}.Release|ARM.ActiveCfg = Release|Any CPU
		{D831A20D-0E35-4F62-807E-DC9862ACA425}.Release|ARM.Build.0 = Release|Any CPU
		{D831A20D-0E35-4F62-807E-DC9862ACA425}.Release|iPhone.ActiveCfg = Release|Any CPU
		{D831A20D-0E35-4F62-807E-DC9862ACA425}.Release|iPhone.Build.0 = Release|Any CPU
		{D831A20D-0E35-4F62-807E-DC9862ACA425}.Release|iPhoneSimulator.ActiveCfg = Release|Any CPU
		{D831A20D-0E35-4F62-807E-DC9862ACA425}.Release|iPhoneSimulator.Build.0 = Release|Any CPU
		{D831A20D-0E35-4F62-807E-DC9862ACA425}.Release|x64.ActiveCfg = Release|Any CPU
		{D831A20D-0E35-4F62-807E-DC9862ACA425}.Release|x64.Build.0 = Release|Any CPU
		{D831A20D-0E35-4F62-807E-DC9862ACA425}.Release|x86.ActiveCfg = Release|Any CPU
		{D831A20D-0E35-4F62-807E-DC9862ACA425}.Release|x86.Build.0 = Release|Any CPU
		{1A5D3CEC-B87C-4281-A371-74B8681BA8FE}.Ad-Hoc|Any CPU.ActiveCfg = Release|Any CPU
		{1A5D3CEC-B87C-4281-A371-74B8681BA8FE}.Ad-Hoc|Any CPU.Build.0 = Release|Any CPU
		{1A5D3CEC-B87C-4281-A371-74B8681BA8FE}.Ad-Hoc|Any CPU.Deploy.0 = Release|Any CPU
		{1A5D3CEC-B87C-4281-A371-74B8681BA8FE}.Ad-Hoc|ARM.ActiveCfg = Release|Any CPU
		{1A5D3CEC-B87C-4281-A371-74B8681BA8FE}.Ad-Hoc|ARM.Build.0 = Release|Any CPU
		{1A5D3CEC-B87C-4281-A371-74B8681BA8FE}.Ad-Hoc|ARM.Deploy.0 = Release|Any CPU
		{1A5D3CEC-B87C-4281-A371-74B8681BA8FE}.Ad-Hoc|iPhone.ActiveCfg = Release|Any CPU
		{1A5D3CEC-B87C-4281-A371-74B8681BA8FE}.Ad-Hoc|iPhone.Build.0 = Release|Any CPU
		{1A5D3CEC-B87C-4281-A371-74B8681BA8FE}.Ad-Hoc|iPhone.Deploy.0 = Release|Any CPU
		{1A5D3CEC-B87C-4281-A371-74B8681BA8FE}.Ad-Hoc|iPhoneSimulator.ActiveCfg = Release|Any CPU
		{1A5D3CEC-B87C-4281-A371-74B8681BA8FE}.Ad-Hoc|iPhoneSimulator.Build.0 = Release|Any CPU
		{1A5D3CEC-B87C-4281-A371-74B8681BA8FE}.Ad-Hoc|iPhoneSimulator.Deploy.0 = Release|Any CPU
		{1A5D3CEC-B87C-4281-A371-74B8681BA8FE}.Ad-Hoc|x64.ActiveCfg = Release|Any CPU
		{1A5D3CEC-B87C-4281-A371-74B8681BA8FE}.Ad-Hoc|x64.Build.0 = Release|Any CPU
		{1A5D3CEC-B87C-4281-A371-74B8681BA8FE}.Ad-Hoc|x64.Deploy.0 = Release|Any CPU
		{1A5D3CEC-B87C-4281-A371-74B8681BA8FE}.Ad-Hoc|x86.ActiveCfg = Release|Any CPU
		{1A5D3CEC-B87C-4281-A371-74B8681BA8FE}.Ad-Hoc|x86.Build.0 = Release|Any CPU
		{1A5D3CEC-B87C-4281-A371-74B8681BA8FE}.Ad-Hoc|x86.Deploy.0 = Release|Any CPU
		{1A5D3CEC-B87C-4281-A371-74B8681BA8FE}.AppStore|Any CPU.ActiveCfg = Release|Any CPU
		{1A5D3CEC-B87C-4281-A371-74B8681BA8FE}.AppStore|Any CPU.Build.0 = Release|Any CPU
		{1A5D3CEC-B87C-4281-A371-74B8681BA8FE}.AppStore|Any CPU.Deploy.0 = Release|Any CPU
		{1A5D3CEC-B87C-4281-A371-74B8681BA8FE}.AppStore|ARM.ActiveCfg = Release|Any CPU
		{1A5D3CEC-B87C-4281-A371-74B8681BA8FE}.AppStore|ARM.Build.0 = Release|Any CPU
		{1A5D3CEC-B87C-4281-A371-74B8681BA8FE}.AppStore|ARM.Deploy.0 = Release|Any CPU
		{1A5D3CEC-B87C-4281-A371-74B8681BA8FE}.AppStore|iPhone.ActiveCfg = Release|Any CPU
		{1A5D3CEC-B87C-4281-A371-74B8681BA8FE}.AppStore|iPhone.Build.0 = Release|Any CPU
		{1A5D3CEC-B87C-4281-A371-74B8681BA8FE}.AppStore|iPhone.Deploy.0 = Release|Any CPU
		{1A5D3CEC-B87C-4281-A371-74B8681BA8FE}.AppStore|iPhoneSimulator.ActiveCfg = Release|Any CPU
		{1A5D3CEC-B87C-4281-A371-74B8681BA8FE}.AppStore|iPhoneSimulator.Build.0 = Release|Any CPU
		{1A5D3CEC-B87C-4281-A371-74B8681BA8FE}.AppStore|iPhoneSimulator.Deploy.0 = Release|Any CPU
		{1A5D3CEC-B87C-4281-A371-74B8681BA8FE}.AppStore|x64.ActiveCfg = Release|Any CPU
		{1A5D3CEC-B87C-4281-A371-74B8681BA8FE}.AppStore|x64.Build.0 = Release|Any CPU
		{1A5D3CEC-B87C-4281-A371-74B8681BA8FE}.AppStore|x64.Deploy.0 = Release|Any CPU
		{1A5D3CEC-B87C-4281-A371-74B8681BA8FE}.AppStore|x86.ActiveCfg = Release|Any CPU
		{1A5D3CEC-B87C-4281-A371-74B8681BA8FE}.AppStore|x86.Build.0 = Release|Any CPU
		{1A5D3CEC-B87C-4281-A371-74B8681BA8FE}.AppStore|x86.Deploy.0 = Release|Any CPU
		{1A5D3CEC-B87C-4281-A371-74B8681BA8FE}.Debug|Any CPU.ActiveCfg = Debug|Any CPU
		{1A5D3CEC-B87C-4281-A371-74B8681BA8FE}.Debug|Any CPU.Build.0 = Debug|Any CPU
		{1A5D3CEC-B87C-4281-A371-74B8681BA8FE}.Debug|Any CPU.Deploy.0 = Debug|Any CPU
		{1A5D3CEC-B87C-4281-A371-74B8681BA8FE}.Debug|ARM.ActiveCfg = Debug|Any CPU
		{1A5D3CEC-B87C-4281-A371-74B8681BA8FE}.Debug|ARM.Build.0 = Debug|Any CPU
		{1A5D3CEC-B87C-4281-A371-74B8681BA8FE}.Debug|ARM.Deploy.0 = Debug|Any CPU
		{1A5D3CEC-B87C-4281-A371-74B8681BA8FE}.Debug|iPhone.ActiveCfg = Debug|Any CPU
		{1A5D3CEC-B87C-4281-A371-74B8681BA8FE}.Debug|iPhone.Build.0 = Debug|Any CPU
		{1A5D3CEC-B87C-4281-A371-74B8681BA8FE}.Debug|iPhone.Deploy.0 = Debug|Any CPU
		{1A5D3CEC-B87C-4281-A371-74B8681BA8FE}.Debug|iPhoneSimulator.ActiveCfg = Debug|Any CPU
		{1A5D3CEC-B87C-4281-A371-74B8681BA8FE}.Debug|iPhoneSimulator.Build.0 = Debug|Any CPU
		{1A5D3CEC-B87C-4281-A371-74B8681BA8FE}.Debug|iPhoneSimulator.Deploy.0 = Debug|Any CPU
		{1A5D3CEC-B87C-4281-A371-74B8681BA8FE}.Debug|x64.ActiveCfg = Debug|Any CPU
		{1A5D3CEC-B87C-4281-A371-74B8681BA8FE}.Debug|x64.Build.0 = Debug|Any CPU
		{1A5D3CEC-B87C-4281-A371-74B8681BA8FE}.Debug|x64.Deploy.0 = Debug|Any CPU
		{1A5D3CEC-B87C-4281-A371-74B8681BA8FE}.Debug|x86.ActiveCfg = Debug|Any CPU
		{1A5D3CEC-B87C-4281-A371-74B8681BA8FE}.Debug|x86.Build.0 = Debug|Any CPU
		{1A5D3CEC-B87C-4281-A371-74B8681BA8FE}.Debug|x86.Deploy.0 = Debug|Any CPU
		{1A5D3CEC-B87C-4281-A371-74B8681BA8FE}.Release|Any CPU.ActiveCfg = Release|Any CPU
		{1A5D3CEC-B87C-4281-A371-74B8681BA8FE}.Release|Any CPU.Build.0 = Release|Any CPU
		{1A5D3CEC-B87C-4281-A371-74B8681BA8FE}.Release|Any CPU.Deploy.0 = Release|Any CPU
		{1A5D3CEC-B87C-4281-A371-74B8681BA8FE}.Release|ARM.ActiveCfg = Release|Any CPU
		{1A5D3CEC-B87C-4281-A371-74B8681BA8FE}.Release|ARM.Build.0 = Release|Any CPU
		{1A5D3CEC-B87C-4281-A371-74B8681BA8FE}.Release|ARM.Deploy.0 = Release|Any CPU
		{1A5D3CEC-B87C-4281-A371-74B8681BA8FE}.Release|iPhone.ActiveCfg = Release|Any CPU
		{1A5D3CEC-B87C-4281-A371-74B8681BA8FE}.Release|iPhone.Build.0 = Release|Any CPU
		{1A5D3CEC-B87C-4281-A371-74B8681BA8FE}.Release|iPhone.Deploy.0 = Release|Any CPU
		{1A5D3CEC-B87C-4281-A371-74B8681BA8FE}.Release|iPhoneSimulator.ActiveCfg = Release|Any CPU
		{1A5D3CEC-B87C-4281-A371-74B8681BA8FE}.Release|iPhoneSimulator.Build.0 = Release|Any CPU
		{1A5D3CEC-B87C-4281-A371-74B8681BA8FE}.Release|iPhoneSimulator.Deploy.0 = Release|Any CPU
		{1A5D3CEC-B87C-4281-A371-74B8681BA8FE}.Release|x64.ActiveCfg = Release|Any CPU
		{1A5D3CEC-B87C-4281-A371-74B8681BA8FE}.Release|x64.Build.0 = Release|Any CPU
		{1A5D3CEC-B87C-4281-A371-74B8681BA8FE}.Release|x64.Deploy.0 = Release|Any CPU
		{1A5D3CEC-B87C-4281-A371-74B8681BA8FE}.Release|x86.ActiveCfg = Release|Any CPU
		{1A5D3CEC-B87C-4281-A371-74B8681BA8FE}.Release|x86.Build.0 = Release|Any CPU
		{1A5D3CEC-B87C-4281-A371-74B8681BA8FE}.Release|x86.Deploy.0 = Release|Any CPU
		{5350BAE5-552B-416D-B8ED-D1E1CCD3ABE5}.Ad-Hoc|Any CPU.ActiveCfg = Ad-Hoc|iPhone
		{5350BAE5-552B-416D-B8ED-D1E1CCD3ABE5}.Ad-Hoc|ARM.ActiveCfg = Ad-Hoc|iPhone
		{5350BAE5-552B-416D-B8ED-D1E1CCD3ABE5}.Ad-Hoc|iPhone.ActiveCfg = Ad-Hoc|iPhone
		{5350BAE5-552B-416D-B8ED-D1E1CCD3ABE5}.Ad-Hoc|iPhone.Build.0 = Ad-Hoc|iPhone
		{5350BAE5-552B-416D-B8ED-D1E1CCD3ABE5}.Ad-Hoc|iPhoneSimulator.ActiveCfg = Ad-Hoc|iPhoneSimulator
		{5350BAE5-552B-416D-B8ED-D1E1CCD3ABE5}.Ad-Hoc|iPhoneSimulator.Build.0 = Ad-Hoc|iPhoneSimulator
		{5350BAE5-552B-416D-B8ED-D1E1CCD3ABE5}.Ad-Hoc|x64.ActiveCfg = Ad-Hoc|iPhone
		{5350BAE5-552B-416D-B8ED-D1E1CCD3ABE5}.Ad-Hoc|x86.ActiveCfg = Ad-Hoc|iPhone
		{5350BAE5-552B-416D-B8ED-D1E1CCD3ABE5}.AppStore|Any CPU.ActiveCfg = AppStore|iPhone
		{5350BAE5-552B-416D-B8ED-D1E1CCD3ABE5}.AppStore|ARM.ActiveCfg = AppStore|iPhone
		{5350BAE5-552B-416D-B8ED-D1E1CCD3ABE5}.AppStore|iPhone.ActiveCfg = AppStore|iPhone
		{5350BAE5-552B-416D-B8ED-D1E1CCD3ABE5}.AppStore|iPhone.Build.0 = AppStore|iPhone
		{5350BAE5-552B-416D-B8ED-D1E1CCD3ABE5}.AppStore|iPhoneSimulator.ActiveCfg = AppStore|iPhoneSimulator
		{5350BAE5-552B-416D-B8ED-D1E1CCD3ABE5}.AppStore|iPhoneSimulator.Build.0 = AppStore|iPhoneSimulator
		{5350BAE5-552B-416D-B8ED-D1E1CCD3ABE5}.AppStore|x64.ActiveCfg = AppStore|iPhone
		{5350BAE5-552B-416D-B8ED-D1E1CCD3ABE5}.AppStore|x86.ActiveCfg = AppStore|iPhone
		{5350BAE5-552B-416D-B8ED-D1E1CCD3ABE5}.Debug|Any CPU.ActiveCfg = Debug|iPhone
		{5350BAE5-552B-416D-B8ED-D1E1CCD3ABE5}.Debug|ARM.ActiveCfg = Debug|iPhone
		{5350BAE5-552B-416D-B8ED-D1E1CCD3ABE5}.Debug|iPhone.ActiveCfg = Debug|iPhone
		{5350BAE5-552B-416D-B8ED-D1E1CCD3ABE5}.Debug|iPhone.Build.0 = Debug|iPhone
		{5350BAE5-552B-416D-B8ED-D1E1CCD3ABE5}.Debug|iPhoneSimulator.ActiveCfg = Debug|iPhoneSimulator
		{5350BAE5-552B-416D-B8ED-D1E1CCD3ABE5}.Debug|iPhoneSimulator.Build.0 = Debug|iPhoneSimulator
		{5350BAE5-552B-416D-B8ED-D1E1CCD3ABE5}.Debug|x64.ActiveCfg = Debug|iPhone
		{5350BAE5-552B-416D-B8ED-D1E1CCD3ABE5}.Debug|x86.ActiveCfg = Debug|iPhone
		{5350BAE5-552B-416D-B8ED-D1E1CCD3ABE5}.Release|Any CPU.ActiveCfg = Release|iPhone
		{5350BAE5-552B-416D-B8ED-D1E1CCD3ABE5}.Release|ARM.ActiveCfg = Release|iPhone
		{5350BAE5-552B-416D-B8ED-D1E1CCD3ABE5}.Release|iPhone.ActiveCfg = Release|iPhone
		{5350BAE5-552B-416D-B8ED-D1E1CCD3ABE5}.Release|iPhone.Build.0 = Release|iPhone
		{5350BAE5-552B-416D-B8ED-D1E1CCD3ABE5}.Release|iPhoneSimulator.ActiveCfg = Release|iPhoneSimulator
		{5350BAE5-552B-416D-B8ED-D1E1CCD3ABE5}.Release|iPhoneSimulator.Build.0 = Release|iPhoneSimulator
		{5350BAE5-552B-416D-B8ED-D1E1CCD3ABE5}.Release|x64.ActiveCfg = Release|iPhone
		{5350BAE5-552B-416D-B8ED-D1E1CCD3ABE5}.Release|x86.ActiveCfg = Release|iPhone
		{AF899C4E-8AF5-46E0-988D-1A369B3D044B}.Ad-Hoc|Any CPU.ActiveCfg = Release|x86
		{AF899C4E-8AF5-46E0-988D-1A369B3D044B}.Ad-Hoc|Any CPU.Build.0 = Release|x86
		{AF899C4E-8AF5-46E0-988D-1A369B3D044B}.Ad-Hoc|Any CPU.Deploy.0 = Release|x86
		{AF899C4E-8AF5-46E0-988D-1A369B3D044B}.Ad-Hoc|ARM.ActiveCfg = Release|ARM
		{AF899C4E-8AF5-46E0-988D-1A369B3D044B}.Ad-Hoc|ARM.Build.0 = Release|ARM
		{AF899C4E-8AF5-46E0-988D-1A369B3D044B}.Ad-Hoc|ARM.Deploy.0 = Release|ARM
		{AF899C4E-8AF5-46E0-988D-1A369B3D044B}.Ad-Hoc|iPhone.ActiveCfg = Release|x86
		{AF899C4E-8AF5-46E0-988D-1A369B3D044B}.Ad-Hoc|iPhone.Build.0 = Release|x86
		{AF899C4E-8AF5-46E0-988D-1A369B3D044B}.Ad-Hoc|iPhone.Deploy.0 = Release|x86
		{AF899C4E-8AF5-46E0-988D-1A369B3D044B}.Ad-Hoc|iPhoneSimulator.ActiveCfg = Release|x86
		{AF899C4E-8AF5-46E0-988D-1A369B3D044B}.Ad-Hoc|iPhoneSimulator.Build.0 = Release|x86
		{AF899C4E-8AF5-46E0-988D-1A369B3D044B}.Ad-Hoc|iPhoneSimulator.Deploy.0 = Release|x86
		{AF899C4E-8AF5-46E0-988D-1A369B3D044B}.Ad-Hoc|x64.ActiveCfg = Release|x64
		{AF899C4E-8AF5-46E0-988D-1A369B3D044B}.Ad-Hoc|x64.Build.0 = Release|x64
		{AF899C4E-8AF5-46E0-988D-1A369B3D044B}.Ad-Hoc|x64.Deploy.0 = Release|x64
		{AF899C4E-8AF5-46E0-988D-1A369B3D044B}.Ad-Hoc|x86.ActiveCfg = Release|x86
		{AF899C4E-8AF5-46E0-988D-1A369B3D044B}.Ad-Hoc|x86.Build.0 = Release|x86
		{AF899C4E-8AF5-46E0-988D-1A369B3D044B}.Ad-Hoc|x86.Deploy.0 = Release|x86
		{AF899C4E-8AF5-46E0-988D-1A369B3D044B}.AppStore|Any CPU.ActiveCfg = Release|x86
		{AF899C4E-8AF5-46E0-988D-1A369B3D044B}.AppStore|Any CPU.Build.0 = Release|x86
		{AF899C4E-8AF5-46E0-988D-1A369B3D044B}.AppStore|Any CPU.Deploy.0 = Release|x86
		{AF899C4E-8AF5-46E0-988D-1A369B3D044B}.AppStore|ARM.ActiveCfg = Release|ARM
		{AF899C4E-8AF5-46E0-988D-1A369B3D044B}.AppStore|ARM.Build.0 = Release|ARM
		{AF899C4E-8AF5-46E0-988D-1A369B3D044B}.AppStore|ARM.Deploy.0 = Release|ARM
		{AF899C4E-8AF5-46E0-988D-1A369B3D044B}.AppStore|iPhone.ActiveCfg = Release|x86
		{AF899C4E-8AF5-46E0-988D-1A369B3D044B}.AppStore|iPhone.Build.0 = Release|x86
		{AF899C4E-8AF5-46E0-988D-1A369B3D044B}.AppStore|iPhone.Deploy.0 = Release|x86
		{AF899C4E-8AF5-46E0-988D-1A369B3D044B}.AppStore|iPhoneSimulator.ActiveCfg = Release|x86
		{AF899C4E-8AF5-46E0-988D-1A369B3D044B}.AppStore|iPhoneSimulator.Build.0 = Release|x86
		{AF899C4E-8AF5-46E0-988D-1A369B3D044B}.AppStore|iPhoneSimulator.Deploy.0 = Release|x86
		{AF899C4E-8AF5-46E0-988D-1A369B3D044B}.AppStore|x64.ActiveCfg = Release|x64
		{AF899C4E-8AF5-46E0-988D-1A369B3D044B}.AppStore|x64.Build.0 = Release|x64
		{AF899C4E-8AF5-46E0-988D-1A369B3D044B}.AppStore|x64.Deploy.0 = Release|x64
		{AF899C4E-8AF5-46E0-988D-1A369B3D044B}.AppStore|x86.ActiveCfg = Release|x86
		{AF899C4E-8AF5-46E0-988D-1A369B3D044B}.AppStore|x86.Build.0 = Release|x86
		{AF899C4E-8AF5-46E0-988D-1A369B3D044B}.AppStore|x86.Deploy.0 = Release|x86
		{AF899C4E-8AF5-46E0-988D-1A369B3D044B}.Debug|Any CPU.ActiveCfg = Debug|x86
		{AF899C4E-8AF5-46E0-988D-1A369B3D044B}.Debug|ARM.ActiveCfg = Debug|ARM
		{AF899C4E-8AF5-46E0-988D-1A369B3D044B}.Debug|ARM.Build.0 = Debug|ARM
		{AF899C4E-8AF5-46E0-988D-1A369B3D044B}.Debug|ARM.Deploy.0 = Debug|ARM
		{AF899C4E-8AF5-46E0-988D-1A369B3D044B}.Debug|iPhone.ActiveCfg = Debug|x86
		{AF899C4E-8AF5-46E0-988D-1A369B3D044B}.Debug|iPhoneSimulator.ActiveCfg = Debug|x86
		{AF899C4E-8AF5-46E0-988D-1A369B3D044B}.Debug|x64.ActiveCfg = Debug|x64
		{AF899C4E-8AF5-46E0-988D-1A369B3D044B}.Debug|x64.Build.0 = Debug|x64
		{AF899C4E-8AF5-46E0-988D-1A369B3D044B}.Debug|x64.Deploy.0 = Debug|x64
		{AF899C4E-8AF5-46E0-988D-1A369B3D044B}.Debug|x86.ActiveCfg = Debug|x86
		{AF899C4E-8AF5-46E0-988D-1A369B3D044B}.Debug|x86.Build.0 = Debug|x86
		{AF899C4E-8AF5-46E0-988D-1A369B3D044B}.Debug|x86.Deploy.0 = Debug|x86
		{AF899C4E-8AF5-46E0-988D-1A369B3D044B}.Release|Any CPU.ActiveCfg = Release|x86
		{AF899C4E-8AF5-46E0-988D-1A369B3D044B}.Release|ARM.ActiveCfg = Release|ARM
		{AF899C4E-8AF5-46E0-988D-1A369B3D044B}.Release|ARM.Build.0 = Release|ARM
		{AF899C4E-8AF5-46E0-988D-1A369B3D044B}.Release|ARM.Deploy.0 = Release|ARM
		{AF899C4E-8AF5-46E0-988D-1A369B3D044B}.Release|iPhone.ActiveCfg = Release|x86
		{AF899C4E-8AF5-46E0-988D-1A369B3D044B}.Release|iPhoneSimulator.ActiveCfg = Release|x86
		{AF899C4E-8AF5-46E0-988D-1A369B3D044B}.Release|x64.ActiveCfg = Release|x64
		{AF899C4E-8AF5-46E0-988D-1A369B3D044B}.Release|x64.Build.0 = Release|x64
		{AF899C4E-8AF5-46E0-988D-1A369B3D044B}.Release|x64.Deploy.0 = Release|x64
		{AF899C4E-8AF5-46E0-988D-1A369B3D044B}.Release|x86.ActiveCfg = Release|x86
		{AF899C4E-8AF5-46E0-988D-1A369B3D044B}.Release|x86.Build.0 = Release|x86
		{AF899C4E-8AF5-46E0-988D-1A369B3D044B}.Release|x86.Deploy.0 = Release|x86
	EndGlobalSection
	GlobalSection(SolutionProperties) = preSolution
		HideSolutionNode = FALSE
	EndGlobalSection
EndGlobal
